// !$*UTF8*$!
{
	archiveVersion = 1;
	classes = {
	};
	objectVersion = 48;
	objects = {

/* Begin PBXBuildFile section */
		3D651949A594D4C27E11C6D2 /* Pods_marchUITests.framework in Frameworks */ = {isa = PBXBuildFile; fileRef = 11B4B02247D4452C4046CD09 /* Pods_marchUITests.framework */; };
		60F0A26C62DCD2AB1C9B6FAF /* Pods_march.framework in Frameworks */ = {isa = PBXBuildFile; fileRef = 8B94F8DE8F4D147E419E680C /* Pods_march.framework */; };
		B28CC0461A5762F1FB08123B /* Pods_marchTests.framework in Frameworks */ = {isa = PBXBuildFile; fileRef = 295C3B5D5C610ED09F305D30 /* Pods_marchTests.framework */; };
		BD95C0342079506B007615A8 /* AppDelegate.swift in Sources */ = {isa = PBXBuildFile; fileRef = BD95C0332079506B007615A8 /* AppDelegate.swift */; };
		BD95C0362079506B007615A8 /* ViewController.swift in Sources */ = {isa = PBXBuildFile; fileRef = BD95C0352079506B007615A8 /* ViewController.swift */; };
		BD95C0392079506B007615A8 /* Main.storyboard in Resources */ = {isa = PBXBuildFile; fileRef = BD95C0372079506B007615A8 /* Main.storyboard */; };
		BD95C03B2079506B007615A8 /* Assets.xcassets in Resources */ = {isa = PBXBuildFile; fileRef = BD95C03A2079506B007615A8 /* Assets.xcassets */; };
		BD95C03E2079506B007615A8 /* LaunchScreen.storyboard in Resources */ = {isa = PBXBuildFile; fileRef = BD95C03C2079506B007615A8 /* LaunchScreen.storyboard */; };
		BD95C0492079506C007615A8 /* marchTests.swift in Sources */ = {isa = PBXBuildFile; fileRef = BD95C0482079506C007615A8 /* marchTests.swift */; };
		BD95C0542079506C007615A8 /* marchUITests.swift in Sources */ = {isa = PBXBuildFile; fileRef = BD95C0532079506C007615A8 /* marchUITests.swift */; };
		BD95C06220795261007615A8 /* GoogleService-Info.plist in Resources */ = {isa = PBXBuildFile; fileRef = BD95C06120795261007615A8 /* GoogleService-Info.plist */; };
		BD95C06420795343007615A8 /* event.swift in Sources */ = {isa = PBXBuildFile; fileRef = BD95C06320795343007615A8 /* event.swift */; };
		BD95C06620795357007615A8 /* CustomCollectionViewCell.swift in Sources */ = {isa = PBXBuildFile; fileRef = BD95C06520795357007615A8 /* CustomCollectionViewCell.swift */; };
/* End PBXBuildFile section */

/* Begin PBXContainerItemProxy section */
		BD95C0452079506C007615A8 /* PBXContainerItemProxy */ = {
			isa = PBXContainerItemProxy;
			containerPortal = BD95C0282079506B007615A8 /* Project object */;
			proxyType = 1;
			remoteGlobalIDString = BD95C02F2079506B007615A8;
			remoteInfo = march;
		};
		BD95C0502079506C007615A8 /* PBXContainerItemProxy */ = {
			isa = PBXContainerItemProxy;
			containerPortal = BD95C0282079506B007615A8 /* Project object */;
			proxyType = 1;
			remoteGlobalIDString = BD95C02F2079506B007615A8;
			remoteInfo = march;
		};
/* End PBXContainerItemProxy section */

/* Begin PBXFileReference section */
		08B0444BFF9E50F3D0AFD68E /* Pods-march.release.xcconfig */ = {isa = PBXFileReference; includeInIndex = 1; lastKnownFileType = text.xcconfig; name = "Pods-march.release.xcconfig"; path = "Pods/Target Support Files/Pods-march/Pods-march.release.xcconfig"; sourceTree = "<group>"; };
		11B4B02247D4452C4046CD09 /* Pods_marchUITests.framework */ = {isa = PBXFileReference; explicitFileType = wrapper.framework; includeInIndex = 0; path = Pods_marchUITests.framework; sourceTree = BUILT_PRODUCTS_DIR; };
		1AF6A79FFEFAD8A2655A99A6 /* Pods-marchUITests.release.xcconfig */ = {isa = PBXFileReference; includeInIndex = 1; lastKnownFileType = text.xcconfig; name = "Pods-marchUITests.release.xcconfig"; path = "Pods/Target Support Files/Pods-marchUITests/Pods-marchUITests.release.xcconfig"; sourceTree = "<group>"; };
		26881E653E69A5D82E8D4A85 /* Pods-marchTests.release.xcconfig */ = {isa = PBXFileReference; includeInIndex = 1; lastKnownFileType = text.xcconfig; name = "Pods-marchTests.release.xcconfig"; path = "Pods/Target Support Files/Pods-marchTests/Pods-marchTests.release.xcconfig"; sourceTree = "<group>"; };
		295C3B5D5C610ED09F305D30 /* Pods_marchTests.framework */ = {isa = PBXFileReference; explicitFileType = wrapper.framework; includeInIndex = 0; path = Pods_marchTests.framework; sourceTree = BUILT_PRODUCTS_DIR; };
		366B4F1719C7742F76E92FD3 /* Pods-marchUITests.debug.xcconfig */ = {isa = PBXFileReference; includeInIndex = 1; lastKnownFileType = text.xcconfig; name = "Pods-marchUITests.debug.xcconfig"; path = "Pods/Target Support Files/Pods-marchUITests/Pods-marchUITests.debug.xcconfig"; sourceTree = "<group>"; };
		3EB2E0E5A3A1B4545E90579F /* Pods-march.debug.xcconfig */ = {isa = PBXFileReference; includeInIndex = 1; lastKnownFileType = text.xcconfig; name = "Pods-march.debug.xcconfig"; path = "Pods/Target Support Files/Pods-march/Pods-march.debug.xcconfig"; sourceTree = "<group>"; };
		5DEF28AD014C3DEC8AE666A6 /* Pods-marchTests.debug.xcconfig */ = {isa = PBXFileReference; includeInIndex = 1; lastKnownFileType = text.xcconfig; name = "Pods-marchTests.debug.xcconfig"; path = "Pods/Target Support Files/Pods-marchTests/Pods-marchTests.debug.xcconfig"; sourceTree = "<group>"; };
		8B94F8DE8F4D147E419E680C /* Pods_march.framework */ = {isa = PBXFileReference; explicitFileType = wrapper.framework; includeInIndex = 0; path = Pods_march.framework; sourceTree = BUILT_PRODUCTS_DIR; };
		BD95C0302079506B007615A8 /* march.app */ = {isa = PBXFileReference; explicitFileType = wrapper.application; includeInIndex = 0; path = march.app; sourceTree = BUILT_PRODUCTS_DIR; };
		BD95C0332079506B007615A8 /* AppDelegate.swift */ = {isa = PBXFileReference; lastKnownFileType = sourcecode.swift; path = AppDelegate.swift; sourceTree = "<group>"; };
		BD95C0352079506B007615A8 /* ViewController.swift */ = {isa = PBXFileReference; lastKnownFileType = sourcecode.swift; path = ViewController.swift; sourceTree = "<group>"; };
		BD95C0382079506B007615A8 /* Base */ = {isa = PBXFileReference; lastKnownFileType = file.storyboard; name = Base; path = Base.lproj/Main.storyboard; sourceTree = "<group>"; };
		BD95C03A2079506B007615A8 /* Assets.xcassets */ = {isa = PBXFileReference; lastKnownFileType = folder.assetcatalog; path = Assets.xcassets; sourceTree = "<group>"; };
		BD95C03D2079506B007615A8 /* Base */ = {isa = PBXFileReference; lastKnownFileType = file.storyboard; name = Base; path = Base.lproj/LaunchScreen.storyboard; sourceTree = "<group>"; };
		BD95C03F2079506B007615A8 /* Info.plist */ = {isa = PBXFileReference; lastKnownFileType = text.plist.xml; path = Info.plist; sourceTree = "<group>"; };
		BD95C0442079506C007615A8 /* marchTests.xctest */ = {isa = PBXFileReference; explicitFileType = wrapper.cfbundle; includeInIndex = 0; path = marchTests.xctest; sourceTree = BUILT_PRODUCTS_DIR; };
		BD95C0482079506C007615A8 /* marchTests.swift */ = {isa = PBXFileReference; lastKnownFileType = sourcecode.swift; path = marchTests.swift; sourceTree = "<group>"; };
		BD95C04A2079506C007615A8 /* Info.plist */ = {isa = PBXFileReference; lastKnownFileType = text.plist.xml; path = Info.plist; sourceTree = "<group>"; };
		BD95C04F2079506C007615A8 /* marchUITests.xctest */ = {isa = PBXFileReference; explicitFileType = wrapper.cfbundle; includeInIndex = 0; path = marchUITests.xctest; sourceTree = BUILT_PRODUCTS_DIR; };
		BD95C0532079506C007615A8 /* marchUITests.swift */ = {isa = PBXFileReference; lastKnownFileType = sourcecode.swift; path = marchUITests.swift; sourceTree = "<group>"; };
		BD95C0552079506C007615A8 /* Info.plist */ = {isa = PBXFileReference; lastKnownFileType = text.plist.xml; path = Info.plist; sourceTree = "<group>"; };
		BD95C06120795261007615A8 /* GoogleService-Info.plist */ = {isa = PBXFileReference; fileEncoding = 4; lastKnownFileType = text.plist.xml; name = "GoogleService-Info.plist"; path = "../../../Downloads/GoogleService-Info.plist"; sourceTree = "<group>"; };
		BD95C06320795343007615A8 /* event.swift */ = {isa = PBXFileReference; lastKnownFileType = sourcecode.swift; path = event.swift; sourceTree = "<group>"; };
		BD95C06520795357007615A8 /* CustomCollectionViewCell.swift */ = {isa = PBXFileReference; lastKnownFileType = sourcecode.swift; path = CustomCollectionViewCell.swift; sourceTree = "<group>"; };
/* End PBXFileReference section */

/* Begin PBXFrameworksBuildPhase section */
		BD95C02D2079506B007615A8 /* Frameworks */ = {
			isa = PBXFrameworksBuildPhase;
			buildActionMask = 2147483647;
			files = (
				60F0A26C62DCD2AB1C9B6FAF /* Pods_march.framework in Frameworks */,
			);
			runOnlyForDeploymentPostprocessing = 0;
		};
		BD95C0412079506C007615A8 /* Frameworks */ = {
			isa = PBXFrameworksBuildPhase;
			buildActionMask = 2147483647;
			files = (
				B28CC0461A5762F1FB08123B /* Pods_marchTests.framework in Frameworks */,
			);
			runOnlyForDeploymentPostprocessing = 0;
		};
		BD95C04C2079506C007615A8 /* Frameworks */ = {
			isa = PBXFrameworksBuildPhase;
			buildActionMask = 2147483647;
			files = (
				3D651949A594D4C27E11C6D2 /* Pods_marchUITests.framework in Frameworks */,
			);
			runOnlyForDeploymentPostprocessing = 0;
		};
/* End PBXFrameworksBuildPhase section */

/* Begin PBXGroup section */
		423266DCAA3F99A5D382B530 /* Pods */ = {
			isa = PBXGroup;
			children = (
				3EB2E0E5A3A1B4545E90579F /* Pods-march.debug.xcconfig */,
				08B0444BFF9E50F3D0AFD68E /* Pods-march.release.xcconfig */,
				5DEF28AD014C3DEC8AE666A6 /* Pods-marchTests.debug.xcconfig */,
				26881E653E69A5D82E8D4A85 /* Pods-marchTests.release.xcconfig */,
				366B4F1719C7742F76E92FD3 /* Pods-marchUITests.debug.xcconfig */,
				1AF6A79FFEFAD8A2655A99A6 /* Pods-marchUITests.release.xcconfig */,
			);
			name = Pods;
			sourceTree = "<group>";
		};
		950D7A88F77F61A82465A4E9 /* Frameworks */ = {
			isa = PBXGroup;
			children = (
				8B94F8DE8F4D147E419E680C /* Pods_march.framework */,
				295C3B5D5C610ED09F305D30 /* Pods_marchTests.framework */,
				11B4B02247D4452C4046CD09 /* Pods_marchUITests.framework */,
			);
			name = Frameworks;
			sourceTree = "<group>";
		};
		BD95C0272079506B007615A8 = {
			isa = PBXGroup;
			children = (
				BD95C0322079506B007615A8 /* march */,
				BD95C0472079506C007615A8 /* marchTests */,
				BD95C0522079506C007615A8 /* marchUITests */,
				BD95C0312079506B007615A8 /* Products */,
				423266DCAA3F99A5D382B530 /* Pods */,
				950D7A88F77F61A82465A4E9 /* Frameworks */,
			);
			sourceTree = "<group>";
		};
		BD95C0312079506B007615A8 /* Products */ = {
			isa = PBXGroup;
			children = (
				BD95C0302079506B007615A8 /* march.app */,
				BD95C0442079506C007615A8 /* marchTests.xctest */,
				BD95C04F2079506C007615A8 /* marchUITests.xctest */,
			);
			name = Products;
			sourceTree = "<group>";
		};
		BD95C0322079506B007615A8 /* march */ = {
			isa = PBXGroup;
			children = (
				BD95C0332079506B007615A8 /* AppDelegate.swift */,
				BD95C0352079506B007615A8 /* ViewController.swift */,
				BD95C06320795343007615A8 /* event.swift */,
				BD95C06520795357007615A8 /* CustomCollectionViewCell.swift */,
				BD95C0372079506B007615A8 /* Main.storyboard */,
				BD95C03A2079506B007615A8 /* Assets.xcassets */,
				BD95C03C2079506B007615A8 /* LaunchScreen.storyboard */,
				BD95C03F2079506B007615A8 /* Info.plist */,
				BD95C06120795261007615A8 /* GoogleService-Info.plist */,
			);
			path = march;
			sourceTree = "<group>";
		};
		BD95C0472079506C007615A8 /* marchTests */ = {
			isa = PBXGroup;
			children = (
				BD95C0482079506C007615A8 /* marchTests.swift */,
				BD95C04A2079506C007615A8 /* Info.plist */,
			);
			path = marchTests;
			sourceTree = "<group>";
		};
		BD95C0522079506C007615A8 /* marchUITests */ = {
			isa = PBXGroup;
			children = (
				BD95C0532079506C007615A8 /* marchUITests.swift */,
				BD95C0552079506C007615A8 /* Info.plist */,
			);
			path = marchUITests;
			sourceTree = "<group>";
		};
/* End PBXGroup section */

/* Begin PBXNativeTarget section */
		BD95C02F2079506B007615A8 /* march */ = {
			isa = PBXNativeTarget;
			buildConfigurationList = BD95C0582079506C007615A8 /* Build configuration list for PBXNativeTarget "march" */;
			buildPhases = (
				0F30633FC7A6E73D0ABC0B6E /* [CP] Check Pods Manifest.lock */,
				BD95C02C2079506B007615A8 /* Sources */,
				BD95C02D2079506B007615A8 /* Frameworks */,
				BD95C02E2079506B007615A8 /* Resources */,
				1EDE46A0D569FBF739E030D8 /* [CP] Embed Pods Frameworks */,
				4A336B930FB7C2F3FFA49A3D /* [CP] Copy Pods Resources */,
			);
			buildRules = (
			);
			dependencies = (
			);
			name = march;
			productName = march;
			productReference = BD95C0302079506B007615A8 /* march.app */;
			productType = "com.apple.product-type.application";
		};
		BD95C0432079506C007615A8 /* marchTests */ = {
			isa = PBXNativeTarget;
			buildConfigurationList = BD95C05B2079506C007615A8 /* Build configuration list for PBXNativeTarget "marchTests" */;
			buildPhases = (
				542B30614A8EDDCC89F5DC23 /* [CP] Check Pods Manifest.lock */,
				BD95C0402079506C007615A8 /* Sources */,
				BD95C0412079506C007615A8 /* Frameworks */,
				BD95C0422079506C007615A8 /* Resources */,
				4A0542BD3BD1036A6F6739AC /* [CP] Embed Pods Frameworks */,
				39324BD9EA2E7A5768EE8F7D /* [CP] Copy Pods Resources */,
			);
			buildRules = (
			);
			dependencies = (
				BD95C0462079506C007615A8 /* PBXTargetDependency */,
			);
			name = marchTests;
			productName = marchTests;
			productReference = BD95C0442079506C007615A8 /* marchTests.xctest */;
			productType = "com.apple.product-type.bundle.unit-test";
		};
		BD95C04E2079506C007615A8 /* marchUITests */ = {
			isa = PBXNativeTarget;
			buildConfigurationList = BD95C05E2079506C007615A8 /* Build configuration list for PBXNativeTarget "marchUITests" */;
			buildPhases = (
				F134CF94F1095A8B33BBF8BC /* [CP] Check Pods Manifest.lock */,
				BD95C04B2079506C007615A8 /* Sources */,
				BD95C04C2079506C007615A8 /* Frameworks */,
				BD95C04D2079506C007615A8 /* Resources */,
				90591BB89755C14D1C76131D /* [CP] Embed Pods Frameworks */,
				6DC579A15F6995036A4106FF /* [CP] Copy Pods Resources */,
			);
			buildRules = (
			);
			dependencies = (
				BD95C0512079506C007615A8 /* PBXTargetDependency */,
			);
			name = marchUITests;
			productName = marchUITests;
			productReference = BD95C04F2079506C007615A8 /* marchUITests.xctest */;
			productType = "com.apple.product-type.bundle.ui-testing";
		};
/* End PBXNativeTarget section */

/* Begin PBXProject section */
		BD95C0282079506B007615A8 /* Project object */ = {
			isa = PBXProject;
			attributes = {
				LastSwiftUpdateCheck = 0920;
				LastUpgradeCheck = 0920;
				ORGANIZATIONNAME = dostuff;
				TargetAttributes = {
					BD95C02F2079506B007615A8 = {
						CreatedOnToolsVersion = 9.2;
						ProvisioningStyle = Automatic;
					};
					BD95C0432079506C007615A8 = {
						CreatedOnToolsVersion = 9.2;
						ProvisioningStyle = Automatic;
						TestTargetID = BD95C02F2079506B007615A8;
					};
					BD95C04E2079506C007615A8 = {
						CreatedOnToolsVersion = 9.2;
						ProvisioningStyle = Automatic;
						TestTargetID = BD95C02F2079506B007615A8;
					};
				};
			};
			buildConfigurationList = BD95C02B2079506B007615A8 /* Build configuration list for PBXProject "march" */;
			compatibilityVersion = "Xcode 8.0";
			developmentRegion = en;
			hasScannedForEncodings = 0;
			knownRegions = (
				en,
				Base,
			);
			mainGroup = BD95C0272079506B007615A8;
			productRefGroup = BD95C0312079506B007615A8 /* Products */;
			projectDirPath = "";
			projectRoot = "";
			targets = (
				BD95C02F2079506B007615A8 /* march */,
				BD95C0432079506C007615A8 /* marchTests */,
				BD95C04E2079506C007615A8 /* marchUITests */,
			);
		};
/* End PBXProject section */

/* Begin PBXResourcesBuildPhase section */
		BD95C02E2079506B007615A8 /* Resources */ = {
			isa = PBXResourcesBuildPhase;
			buildActionMask = 2147483647;
			files = (
				BD95C03E2079506B007615A8 /* LaunchScreen.storyboard in Resources */,
				BD95C06220795261007615A8 /* GoogleService-Info.plist in Resources */,
				BD95C03B2079506B007615A8 /* Assets.xcassets in Resources */,
				BD95C0392079506B007615A8 /* Main.storyboard in Resources */,
			);
			runOnlyForDeploymentPostprocessing = 0;
		};
		BD95C0422079506C007615A8 /* Resources */ = {
			isa = PBXResourcesBuildPhase;
			buildActionMask = 2147483647;
			files = (
			);
			runOnlyForDeploymentPostprocessing = 0;
		};
		BD95C04D2079506C007615A8 /* Resources */ = {
			isa = PBXResourcesBuildPhase;
			buildActionMask = 2147483647;
			files = (
			);
			runOnlyForDeploymentPostprocessing = 0;
		};
/* End PBXResourcesBuildPhase section */

/* Begin PBXShellScriptBuildPhase section */
		0F30633FC7A6E73D0ABC0B6E /* [CP] Check Pods Manifest.lock */ = {
			isa = PBXShellScriptBuildPhase;
			buildActionMask = 2147483647;
			files = (
			);
			inputPaths = (
				"${PODS_PODFILE_DIR_PATH}/Podfile.lock",
				"${PODS_ROOT}/Manifest.lock",
			);
			name = "[CP] Check Pods Manifest.lock";
			outputPaths = (
				"$(DERIVED_FILE_DIR)/Pods-march-checkManifestLockResult.txt",
			);
			runOnlyForDeploymentPostprocessing = 0;
			shellPath = /bin/sh;
			shellScript = "diff \"${PODS_PODFILE_DIR_PATH}/Podfile.lock\" \"${PODS_ROOT}/Manifest.lock\" > /dev/null\nif [ $? != 0 ] ; then\n    # print error to STDERR\n    echo \"error: The sandbox is not in sync with the Podfile.lock. Run 'pod install' or update your CocoaPods installation.\" >&2\n    exit 1\nfi\n# This output is used by Xcode 'outputs' to avoid re-running this script phase.\necho \"SUCCESS\" > \"${SCRIPT_OUTPUT_FILE_0}\"\n";
			showEnvVarsInLog = 0;
		};
		1EDE46A0D569FBF739E030D8 /* [CP] Embed Pods Frameworks */ = {
			isa = PBXShellScriptBuildPhase;
			buildActionMask = 2147483647;
			files = (
			);
			inputPaths = (
				"${SRCROOT}/Pods/Target Support Files/Pods-march/Pods-march-frameworks.sh",
				"${BUILT_PRODUCTS_DIR}/GoogleToolboxForMac/GoogleToolboxForMac.framework",
				"${BUILT_PRODUCTS_DIR}/leveldb-library/leveldb.framework",
				"${BUILT_PRODUCTS_DIR}/nanopb/nanopb.framework",
			);
			name = "[CP] Embed Pods Frameworks";
			outputPaths = (
				"${TARGET_BUILD_DIR}/${FRAMEWORKS_FOLDER_PATH}/GoogleToolboxForMac.framework",
				"${TARGET_BUILD_DIR}/${FRAMEWORKS_FOLDER_PATH}/leveldb.framework",
				"${TARGET_BUILD_DIR}/${FRAMEWORKS_FOLDER_PATH}/nanopb.framework",
			);
			runOnlyForDeploymentPostprocessing = 0;
			shellPath = /bin/sh;
			shellScript = "\"${SRCROOT}/Pods/Target Support Files/Pods-march/Pods-march-frameworks.sh\"\n";
			showEnvVarsInLog = 0;
		};
		39324BD9EA2E7A5768EE8F7D /* [CP] Copy Pods Resources */ = {
			isa = PBXShellScriptBuildPhase;
			buildActionMask = 2147483647;
			files = (
			);
			inputPaths = (
			);
			name = "[CP] Copy Pods Resources";
			outputPaths = (
			);
			runOnlyForDeploymentPostprocessing = 0;
			shellPath = /bin/sh;
			shellScript = "\"${SRCROOT}/Pods/Target Support Files/Pods-marchTests/Pods-marchTests-resources.sh\"\n";
			showEnvVarsInLog = 0;
		};
		4A0542BD3BD1036A6F6739AC /* [CP] Embed Pods Frameworks */ = {
			isa = PBXShellScriptBuildPhase;
			buildActionMask = 2147483647;
			files = (
			);
			inputPaths = (
			);
			name = "[CP] Embed Pods Frameworks";
			outputPaths = (
			);
			runOnlyForDeploymentPostprocessing = 0;
			shellPath = /bin/sh;
			shellScript = "\"${SRCROOT}/Pods/Target Support Files/Pods-marchTests/Pods-marchTests-frameworks.sh\"\n";
			showEnvVarsInLog = 0;
		};
		4A336B930FB7C2F3FFA49A3D /* [CP] Copy Pods Resources */ = {
			isa = PBXShellScriptBuildPhase;
			buildActionMask = 2147483647;
			files = (
			);
			inputPaths = (
			);
			name = "[CP] Copy Pods Resources";
			outputPaths = (
			);
			runOnlyForDeploymentPostprocessing = 0;
			shellPath = /bin/sh;
			shellScript = "\"${SRCROOT}/Pods/Target Support Files/Pods-march/Pods-march-resources.sh\"\n";
			showEnvVarsInLog = 0;
		};
		542B30614A8EDDCC89F5DC23 /* [CP] Check Pods Manifest.lock */ = {
			isa = PBXShellScriptBuildPhase;
			buildActionMask = 2147483647;
			files = (
			);
			inputPaths = (
				"${PODS_PODFILE_DIR_PATH}/Podfile.lock",
				"${PODS_ROOT}/Manifest.lock",
			);
			name = "[CP] Check Pods Manifest.lock";
			outputPaths = (
				"$(DERIVED_FILE_DIR)/Pods-marchTests-checkManifestLockResult.txt",
			);
			runOnlyForDeploymentPostprocessing = 0;
			shellPath = /bin/sh;
			shellScript = "diff \"${PODS_PODFILE_DIR_PATH}/Podfile.lock\" \"${PODS_ROOT}/Manifest.lock\" > /dev/null\nif [ $? != 0 ] ; then\n    # print error to STDERR\n    echo \"error: The sandbox is not in sync with the Podfile.lock. Run 'pod install' or update your CocoaPods installation.\" >&2\n    exit 1\nfi\n# This output is used by Xcode 'outputs' to avoid re-running this script phase.\necho \"SUCCESS\" > \"${SCRIPT_OUTPUT_FILE_0}\"\n";
			showEnvVarsInLog = 0;
		};
		6DC579A15F6995036A4106FF /* [CP] Copy Pods Resources */ = {
			isa = PBXShellScriptBuildPhase;
			buildActionMask = 2147483647;
			files = (
			);
			inputPaths = (
			);
			name = "[CP] Copy Pods Resources";
			outputPaths = (
			);
			runOnlyForDeploymentPostprocessing = 0;
			shellPath = /bin/sh;
			shellScript = "\"${SRCROOT}/Pods/Target Support Files/Pods-marchUITests/Pods-marchUITests-resources.sh\"\n";
			showEnvVarsInLog = 0;
		};
		90591BB89755C14D1C76131D /* [CP] Embed Pods Frameworks */ = {
			isa = PBXShellScriptBuildPhase;
			buildActionMask = 2147483647;
			files = (
			);
			inputPaths = (
			);
			name = "[CP] Embed Pods Frameworks";
			outputPaths = (
			);
			runOnlyForDeploymentPostprocessing = 0;
			shellPath = /bin/sh;
			shellScript = "\"${SRCROOT}/Pods/Target Support Files/Pods-marchUITests/Pods-marchUITests-frameworks.sh\"\n";
			showEnvVarsInLog = 0;
		};
		F134CF94F1095A8B33BBF8BC /* [CP] Check Pods Manifest.lock */ = {
			isa = PBXShellScriptBuildPhase;
			buildActionMask = 2147483647;
			files = (
			);
			inputPaths = (
				"${PODS_PODFILE_DIR_PATH}/Podfile.lock",
				"${PODS_ROOT}/Manifest.lock",
			);
			name = "[CP] Check Pods Manifest.lock";
			outputPaths = (
				"$(DERIVED_FILE_DIR)/Pods-marchUITests-checkManifestLockResult.txt",
			);
			runOnlyForDeploymentPostprocessing = 0;
			shellPath = /bin/sh;
			shellScript = "diff \"${PODS_PODFILE_DIR_PATH}/Podfile.lock\" \"${PODS_ROOT}/Manifest.lock\" > /dev/null\nif [ $? != 0 ] ; then\n    # print error to STDERR\n    echo \"error: The sandbox is not in sync with the Podfile.lock. Run 'pod install' or update your CocoaPods installation.\" >&2\n    exit 1\nfi\n# This output is used by Xcode 'outputs' to avoid re-running this script phase.\necho \"SUCCESS\" > \"${SCRIPT_OUTPUT_FILE_0}\"\n";
			showEnvVarsInLog = 0;
		};
/* End PBXShellScriptBuildPhase section */

/* Begin PBXSourcesBuildPhase section */
		BD95C02C2079506B007615A8 /* Sources */ = {
			isa = PBXSourcesBuildPhase;
			buildActionMask = 2147483647;
			files = (
				BD95C0362079506B007615A8 /* ViewController.swift in Sources */,
				BD95C0342079506B007615A8 /* AppDelegate.swift in Sources */,
				BD95C06420795343007615A8 /* event.swift in Sources */,
				BD95C06620795357007615A8 /* CustomCollectionViewCell.swift in Sources */,
			);
			runOnlyForDeploymentPostprocessing = 0;
		};
		BD95C0402079506C007615A8 /* Sources */ = {
			isa = PBXSourcesBuildPhase;
			buildActionMask = 2147483647;
			files = (
				BD95C0492079506C007615A8 /* marchTests.swift in Sources */,
			);
			runOnlyForDeploymentPostprocessing = 0;
		};
		BD95C04B2079506C007615A8 /* Sources */ = {
			isa = PBXSourcesBuildPhase;
			buildActionMask = 2147483647;
			files = (
				BD95C0542079506C007615A8 /* marchUITests.swift in Sources */,
			);
			runOnlyForDeploymentPostprocessing = 0;
		};
/* End PBXSourcesBuildPhase section */

/* Begin PBXTargetDependency section */
		BD95C0462079506C007615A8 /* PBXTargetDependency */ = {
			isa = PBXTargetDependency;
			target = BD95C02F2079506B007615A8 /* march */;
			targetProxy = BD95C0452079506C007615A8 /* PBXContainerItemProxy */;
		};
		BD95C0512079506C007615A8 /* PBXTargetDependency */ = {
			isa = PBXTargetDependency;
			target = BD95C02F2079506B007615A8 /* march */;
			targetProxy = BD95C0502079506C007615A8 /* PBXContainerItemProxy */;
		};
/* End PBXTargetDependency section */

/* Begin PBXVariantGroup section */
		BD95C0372079506B007615A8 /* Main.storyboard */ = {
			isa = PBXVariantGroup;
			children = (
				BD95C0382079506B007615A8 /* Base */,
			);
			name = Main.storyboard;
			sourceTree = "<group>";
		};
		BD95C03C2079506B007615A8 /* LaunchScreen.storyboard */ = {
			isa = PBXVariantGroup;
			children = (
				BD95C03D2079506B007615A8 /* Base */,
			);
			name = LaunchScreen.storyboard;
			sourceTree = "<group>";
		};
/* End PBXVariantGroup section */

/* Begin XCBuildConfiguration section */
		BD95C0562079506C007615A8 /* Debug */ = {
			isa = XCBuildConfiguration;
			buildSettings = {
				ALWAYS_SEARCH_USER_PATHS = NO;
				CLANG_ANALYZER_NONNULL = YES;
				CLANG_ANALYZER_NUMBER_OBJECT_CONVERSION = YES_AGGRESSIVE;
				CLANG_CXX_LANGUAGE_STANDARD = "gnu++14";
				CLANG_CXX_LIBRARY = "libc++";
				CLANG_ENABLE_MODULES = YES;
				CLANG_ENABLE_OBJC_ARC = YES;
				CLANG_WARN_BLOCK_CAPTURE_AUTORELEASING = YES;
				CLANG_WARN_BOOL_CONVERSION = YES;
				CLANG_WARN_COMMA = YES;
				CLANG_WARN_CONSTANT_CONVERSION = YES;
				CLANG_WARN_DIRECT_OBJC_ISA_USAGE = YES_ERROR;
				CLANG_WARN_DOCUMENTATION_COMMENTS = YES;
				CLANG_WARN_EMPTY_BODY = YES;
				CLANG_WARN_ENUM_CONVERSION = YES;
				CLANG_WARN_INFINITE_RECURSION = YES;
				CLANG_WARN_INT_CONVERSION = YES;
				CLANG_WARN_NON_LITERAL_NULL_CONVERSION = YES;
				CLANG_WARN_OBJC_LITERAL_CONVERSION = YES;
				CLANG_WARN_OBJC_ROOT_CLASS = YES_ERROR;
				CLANG_WARN_RANGE_LOOP_ANALYSIS = YES;
				CLANG_WARN_STRICT_PROTOTYPES = YES;
				CLANG_WARN_SUSPICIOUS_MOVE = YES;
				CLANG_WARN_UNGUARDED_AVAILABILITY = YES_AGGRESSIVE;
				CLANG_WARN_UNREACHABLE_CODE = YES;
				CLANG_WARN__DUPLICATE_METHOD_MATCH = YES;
				CODE_SIGN_IDENTITY = "iPhone Developer";
				COPY_PHASE_STRIP = NO;
				DEBUG_INFORMATION_FORMAT = dwarf;
				ENABLE_STRICT_OBJC_MSGSEND = YES;
				ENABLE_TESTABILITY = YES;
				GCC_C_LANGUAGE_STANDARD = gnu11;
				GCC_DYNAMIC_NO_PIC = NO;
				GCC_NO_COMMON_BLOCKS = YES;
				GCC_OPTIMIZATION_LEVEL = 0;
				GCC_PREPROCESSOR_DEFINITIONS = (
					"DEBUG=1",
					"$(inherited)",
				);
				GCC_WARN_64_TO_32_BIT_CONVERSION = YES;
				GCC_WARN_ABOUT_RETURN_TYPE = YES_ERROR;
				GCC_WARN_UNDECLARED_SELECTOR = YES;
				GCC_WARN_UNINITIALIZED_AUTOS = YES_AGGRESSIVE;
				GCC_WARN_UNUSED_FUNCTION = YES;
				GCC_WARN_UNUSED_VARIABLE = YES;
				IPHONEOS_DEPLOYMENT_TARGET = 11.2;
				MTL_ENABLE_DEBUG_INFO = YES;
				ONLY_ACTIVE_ARCH = YES;
				SDKROOT = iphoneos;
				SWIFT_ACTIVE_COMPILATION_CONDITIONS = DEBUG;
				SWIFT_OPTIMIZATION_LEVEL = "-Onone";
			};
			name = Debug;
		};
		BD95C0572079506C007615A8 /* Release */ = {
			isa = XCBuildConfiguration;
			buildSettings = {
				ALWAYS_SEARCH_USER_PATHS = NO;
				CLANG_ANALYZER_NONNULL = YES;
				CLANG_ANALYZER_NUMBER_OBJECT_CONVERSION = YES_AGGRESSIVE;
				CLANG_CXX_LANGUAGE_STANDARD = "gnu++14";
				CLANG_CXX_LIBRARY = "libc++";
				CLANG_ENABLE_MODULES = YES;
				CLANG_ENABLE_OBJC_ARC = YES;
				CLANG_WARN_BLOCK_CAPTURE_AUTORELEASING = YES;
				CLANG_WARN_BOOL_CONVERSION = YES;
				CLANG_WARN_COMMA = YES;
				CLANG_WARN_CONSTANT_CONVERSION = YES;
				CLANG_WARN_DIRECT_OBJC_ISA_USAGE = YES_ERROR;
				CLANG_WARN_DOCUMENTATION_COMMENTS = YES;
				CLANG_WARN_EMPTY_BODY = YES;
				CLANG_WARN_ENUM_CONVERSION = YES;
				CLANG_WARN_INFINITE_RECURSION = YES;
				CLANG_WARN_INT_CONVERSION = YES;
				CLANG_WARN_NON_LITERAL_NULL_CONVERSION = YES;
				CLANG_WARN_OBJC_LITERAL_CONVERSION = YES;
				CLANG_WARN_OBJC_ROOT_CLASS = YES_ERROR;
				CLANG_WARN_RANGE_LOOP_ANALYSIS = YES;
				CLANG_WARN_STRICT_PROTOTYPES = YES;
				CLANG_WARN_SUSPICIOUS_MOVE = YES;
				CLANG_WARN_UNGUARDED_AVAILABILITY = YES_AGGRESSIVE;
				CLANG_WARN_UNREACHABLE_CODE = YES;
				CLANG_WARN__DUPLICATE_METHOD_MATCH = YES;
				CODE_SIGN_IDENTITY = "iPhone Developer";
				COPY_PHASE_STRIP = NO;
				DEBUG_INFORMATION_FORMAT = "dwarf-with-dsym";
				ENABLE_NS_ASSERTIONS = NO;
				ENABLE_STRICT_OBJC_MSGSEND = YES;
				GCC_C_LANGUAGE_STANDARD = gnu11;
				GCC_NO_COMMON_BLOCKS = YES;
				GCC_WARN_64_TO_32_BIT_CONVERSION = YES;
				GCC_WARN_ABOUT_RETURN_TYPE = YES_ERROR;
				GCC_WARN_UNDECLARED_SELECTOR = YES;
				GCC_WARN_UNINITIALIZED_AUTOS = YES_AGGRESSIVE;
				GCC_WARN_UNUSED_FUNCTION = YES;
				GCC_WARN_UNUSED_VARIABLE = YES;
				IPHONEOS_DEPLOYMENT_TARGET = 11.2;
				MTL_ENABLE_DEBUG_INFO = NO;
				SDKROOT = iphoneos;
				SWIFT_OPTIMIZATION_LEVEL = "-Owholemodule";
				VALIDATE_PRODUCT = YES;
			};
			name = Release;
		};
		BD95C0592079506C007615A8 /* Debug */ = {
			isa = XCBuildConfiguration;
			baseConfigurationReference = 3EB2E0E5A3A1B4545E90579F /* Pods-march.debug.xcconfig */;
			buildSettings = {
				ASSETCATALOG_COMPILER_APPICON_NAME = AppIcon;
				CODE_SIGN_STYLE = Automatic;
				INFOPLIST_FILE = march/Info.plist;
				LD_RUNPATH_SEARCH_PATHS = "$(inherited) @executable_path/Frameworks";
				PRODUCT_BUNDLE_IDENTIFIER = com.march;
				PRODUCT_NAME = "$(TARGET_NAME)";
				SWIFT_VERSION = 4.0;
				TARGETED_DEVICE_FAMILY = "1,2";
			};
			name = Debug;
		};
		BD95C05A2079506C007615A8 /* Release */ = {
			isa = XCBuildConfiguration;
			baseConfigurationReference = 08B0444BFF9E50F3D0AFD68E /* Pods-march.release.xcconfig */;
			buildSettings = {
				ASSETCATALOG_COMPILER_APPICON_NAME = AppIcon;
				CODE_SIGN_STYLE = Automatic;
				INFOPLIST_FILE = march/Info.plist;
				LD_RUNPATH_SEARCH_PATHS = "$(inherited) @executable_path/Frameworks";
				PRODUCT_BUNDLE_IDENTIFIER = com.march;
				PRODUCT_NAME = "$(TARGET_NAME)";
				SWIFT_VERSION = 4.0;
				TARGETED_DEVICE_FAMILY = "1,2";
			};
			name = Release;
		};
		BD95C05C2079506C007615A8 /* Debug */ = {
			isa = XCBuildConfiguration;
			baseConfigurationReference = 5DEF28AD014C3DEC8AE666A6 /* Pods-marchTests.debug.xcconfig */;
			buildSettings = {
				ALWAYS_EMBED_SWIFT_STANDARD_LIBRARIES = YES;
				BUNDLE_LOADER = "$(TEST_HOST)";
				CODE_SIGN_STYLE = Automatic;
				INFOPLIST_FILE = marchTests/Info.plist;
				LD_RUNPATH_SEARCH_PATHS = "$(inherited) @executable_path/Frameworks @loader_path/Frameworks";
				PRODUCT_BUNDLE_IDENTIFIER = com.marchTests;
				PRODUCT_NAME = "$(TARGET_NAME)";
				SWIFT_VERSION = 4.0;
				TARGETED_DEVICE_FAMILY = "1,2";
				TEST_HOST = "$(BUILT_PRODUCTS_DIR)/march.app/march";
			};
			name = Debug;
		};
		BD95C05D2079506C007615A8 /* Release */ = {
			isa = XCBuildConfiguration;
			baseConfigurationReference = 26881E653E69A5D82E8D4A85 /* Pods-marchTests.release.xcconfig */;
			buildSettings = {
				ALWAYS_EMBED_SWIFT_STANDARD_LIBRARIES = YES;
				BUNDLE_LOADER = "$(TEST_HOST)";
				CODE_SIGN_STYLE = Automatic;
				INFOPLIST_FILE = marchTests/Info.plist;
				LD_RUNPATH_SEARCH_PATHS = "$(inherited) @executable_path/Frameworks @loader_path/Frameworks";
				PRODUCT_BUNDLE_IDENTIFIER = com.marchTests;
				PRODUCT_NAME = "$(TARGET_NAME)";
				SWIFT_VERSION = 4.0;
				TARGETED_DEVICE_FAMILY = "1,2";
				TEST_HOST = "$(BUILT_PRODUCTS_DIR)/march.app/march";
			};
			name = Release;
		};
		BD95C05F2079506C007615A8 /* Debug */ = {
			isa = XCBuildConfiguration;
			baseConfigurationReference = 366B4F1719C7742F76E92FD3 /* Pods-marchUITests.debug.xcconfig */;
			buildSettings = {
				ALWAYS_EMBED_SWIFT_STANDARD_LIBRARIES = YES;
				CODE_SIGN_STYLE = Automatic;
				INFOPLIST_FILE = marchUITests/Info.plist;
				LD_RUNPATH_SEARCH_PATHS = "$(inherited) @executable_path/Frameworks @loader_path/Frameworks";
				PRODUCT_BUNDLE_IDENTIFIER = com.marchUITests;
				PRODUCT_NAME = "$(TARGET_NAME)";
				SWIFT_VERSION = 4.0;
				TARGETED_DEVICE_FAMILY = "1,2";
				TEST_TARGET_NAME = march;
			};
			name = Debug;
		};
		BD95C0602079506C007615A8 /* Release */ = {
			isa = XCBuildConfiguration;
			baseConfigurationReference = 1AF6A79FFEFAD8A2655A99A6 /* Pods-marchUITests.release.xcconfig */;
			buildSettings = {
				ALWAYS_EMBED_SWIFT_STANDARD_LIBRARIES = YES;
				CODE_SIGN_STYLE = Automatic;
				INFOPLIST_FILE = marchUITests/Info.plist;
				LD_RUNPATH_SEARCH_PATHS = "$(inherited) @executable_path/Frameworks @loader_path/Frameworks";
				PRODUCT_BUNDLE_IDENTIFIER = com.marchUITests;
				PRODUCT_NAME = "$(TARGET_NAME)";
				SWIFT_VERSION = 4.0;
				TARGETED_DEVICE_FAMILY = "1,2";
				TEST_TARGET_NAME = march;
			};
			name = Release;
		};
/* End XCBuildConfiguration section */

/* Begin XCConfigurationList section */
		BD95C02B2079506B007615A8 /* Build configuration list for PBXProject "march" */ = {
			isa = XCConfigurationList;
			buildConfigurations = (
				BD95C0562079506C007615A8 /* Debug */,
				BD95C0572079506C007615A8 /* Release */,
			);
			defaultConfigurationIsVisible = 0;
			defaultConfigurationName = Release;
		};
		BD95C0582079506C007615A8 /* Build configuration list for PBXNativeTarget "march" */ = {
			isa = XCConfigurationList;
			buildConfigurations = (
				BD95C0592079506C007615A8 /* Debug */,
				BD95C05A2079506C007615A8 /* Release */,
			);
			defaultConfigurationIsVisible = 0;
			defaultConfigurationName = Release;
		};
		BD95C05B2079506C007615A8 /* Build configuration list for PBXNativeTarget "marchTests" */ = {
			isa = XCConfigurationList;
			buildConfigurations = (
				BD95C05C2079506C007615A8 /* Debug */,
				BD95C05D2079506C007615A8 /* Release */,
			);
			defaultConfigurationIsVisible = 0;
			defaultConfigurationName = Release;
		};
		BD95C05E2079506C007615A8 /* Build configuration list for PBXNativeTarget "marchUITests" */ = {
			isa = XCConfigurationList;
			buildConfigurations = (
				BD95C05F2079506C007615A8 /* Debug */,
				BD95C0602079506C007615A8 /* Release */,
			);
			defaultConfigurationIsVisible = 0;
			defaultConfigurationName = Release;
		};
/* End XCConfigurationList section */
	};
	rootObject = BD95C0282079506B007615A8 /* Project object */;
}
